{
  "name": "shopifac-admin-print",
  "version": "1.0.0",
  "lockfileVersion": 3,
  "requires": true,
  "packages": {
    "": {
      "name": "shopifac-admin-print",
      "version": "1.0.0",
      "dependencies": {
        "preact": "^10.19.0"
      }
    },
    "node_modules/preact": {
      "version": "10.28.4",
      "resolved": "https://registry.npmjs.org/preact/-/preact-10.28.4.tgz",
      "integrity": "sha512-uKFfOHWuSNpRFVTnljsCluEFq57OKT+0QdOiQo8XWnQ/pSvg7OpX5eNOejELXJMWy+BwM2nobz0FkvzmnpCNsQ==",
      "license": "MIT",
      "funding": {
        "type": "opencollective",
        "url": "https://opencollective.com/preact"
      }
    }
  }
}
